
Microsoft Visual Studio Solution File, Format Version 12.00
# Visual Studio Version 17
VisualStudioVersion = 17.3.32819.101
MinimumVisualStudioVersion = 10.0.40219.1
Project("{FAE04EC0-301F-11D3-BF4B-00C04F79EFBC}") = "10NúmerosInteirosPositivosMédiaAritimética", "10NúmerosInteirosPositivosMédiaAritimética.csproj", "{148FF5B6-BA77-432B-B721-AD028BDE3384}"
EndProject
Global
	GlobalSection(SolutionConfigurationPlatforms) = preSolution
		Debug|Any CPU = Debug|Any CPU
		Release|Any CPU = Release|Any CPU
	EndGlobalSection
	GlobalSection(ProjectConfigurationPlatforms) = postSolution
		{148FF5B6-BA77-432B-B721-AD028BDE3384}.Debug|Any CPU.ActiveCfg = Debug|Any CPU
		{148FF5B6-BA77-432B-B721-AD028BDE3384}.Debug|Any CPU.Build.0 = Debug|Any CPU
		{148FF5B6-BA77-432B-B721-AD028BDE3384}.Release|Any CPU.ActiveCfg = Release|Any CPU
		{148FF5B6-BA77-432B-B721-AD028BDE3384}.Release|Any CPU.Build.0 = Release|Any CPU
	EndGlobalSection
	GlobalSection(SolutionProperties) = preSolution
		HideSolutionNode = FALSE
	EndGlobalSection
	GlobalSection(ExtensibilityGlobals) = postSolution
		SolutionGuid = {220FE0DA-3161-4F3E-899B-F822C3136B7B}
	EndGlobalSection
EndGlobal
